
Microsoft Visual Studio Solution File, Format Version 12.00
# Visual Studio Version 16
VisualStudioVersion = 16.0.31019.35
MinimumVisualStudioVersion = 10.0.40219.1
Project("{FAE04EC0-301F-11D3-BF4B-00C04F79EFBC}") = "SerialPortSender", "SerialPortSender\SerialPortSender.csproj", "{32EB8DE3-8074-44E5-A7AB-99D78D0C244F}"
EndProject
Global
	GlobalSection(SolutionConfigurationPlatforms) = preSolution
		Debug|Any CPU = Debug|Any CPU
		Release|Any CPU = Release|Any CPU
	EndGlobalSection
	GlobalSection(ProjectConfigurationPlatforms) = postSolution
		{32EB8DE3-8074-44E5-A7AB-99D78D0C244F}.Debug|Any CPU.ActiveCfg = Debug|Any CPU
		{32EB8DE3-8074-44E5-A7AB-99D78D0C244F}.Debug|Any CPU.Build.0 = Debug|Any CPU
		{32EB8DE3-8074-44E5-A7AB-99D78D0C244F}.Release|Any CPU.ActiveCfg = Release|Any CPU
		{32EB8DE3-8074-44E5-A7AB-99D78D0C244F}.Release|Any CPU.Build.0 = Release|Any CPU
	EndGlobalSection
	GlobalSection(SolutionProperties) = preSolution
		HideSolutionNode = FALSE
	EndGlobalSection
	GlobalSection(ExtensibilityGlobals) = postSolution
		SolutionGuid = {AFF3DBFA-6AB3-4169-9311-4CF58684EA6A}
	EndGlobalSection
EndGlobal
